langcode: en
status: true
dependencies:
  config:
    - views.view.alert_banner
  enforced:
    module:
      - localgov_alert_banner
  module:
    - views
  theme:
    - localgov_theme
id: views_block__alert_banner_alert_banner_block
theme: localgov_theme
region: banner
weight: 0
provider: null
plugin: 'views_block:alert_banner-alert_banner_block'
settings:
  id: 'views_block:alert_banner-alert_banner_block'
  label: ''
  provider: views
  label_display: '0'
  views_label: ''
  items_per_page: none
visibility: {  }
